
Microsoft Visual Studio Solution File, Format Version 12.00
# Visual Studio Version 16
VisualStudioVersion = 16.0.30907.101
MinimumVisualStudioVersion = 10.0.40219.1
Project("{FAE04EC0-301F-11D3-BF4B-00C04F79EFBC}") = "eShopSoulution.WepApp", "eShopSoulution.WepApp\eShopSoulution.WepApp.csproj", "{17BC99B4-E685-4CBF-8EA3-10FD2ABAD540}"
EndProject
Project("{FAE04EC0-301F-11D3-BF4B-00C04F79EFBC}") = "eShopSolution.Data", "eShopSolution.Data\eShopSolution.Data.csproj", "{F367E352-ED8E-4E2A-A4F0-85895F907FAD}"
EndProject
Global
	GlobalSection(SolutionConfigurationPlatforms) = preSolution
		Debug|Any CPU = Debug|Any CPU
		Release|Any CPU = Release|Any CPU
	EndGlobalSection
	GlobalSection(ProjectConfigurationPlatforms) = postSolution
		{17BC99B4-E685-4CBF-8EA3-10FD2ABAD540}.Debug|Any CPU.ActiveCfg = Debug|Any CPU
		{17BC99B4-E685-4CBF-8EA3-10FD2ABAD540}.Debug|Any CPU.Build.0 = Debug|Any CPU
		{17BC99B4-E685-4CBF-8EA3-10FD2ABAD540}.Release|Any CPU.ActiveCfg = Release|Any CPU
		{17BC99B4-E685-4CBF-8EA3-10FD2ABAD540}.Release|Any CPU.Build.0 = Release|Any CPU
		{F367E352-ED8E-4E2A-A4F0-85895F907FAD}.Debug|Any CPU.ActiveCfg = Debug|Any CPU
		{F367E352-ED8E-4E2A-A4F0-85895F907FAD}.Debug|Any CPU.Build.0 = Debug|Any CPU
		{F367E352-ED8E-4E2A-A4F0-85895F907FAD}.Release|Any CPU.ActiveCfg = Release|Any CPU
		{F367E352-ED8E-4E2A-A4F0-85895F907FAD}.Release|Any CPU.Build.0 = Release|Any CPU
	EndGlobalSection
	GlobalSection(SolutionProperties) = preSolution
		HideSolutionNode = FALSE
	EndGlobalSection
	GlobalSection(ExtensibilityGlobals) = postSolution
		SolutionGuid = {B6DB5A63-F1D2-4055-B643-40B4ACAC614F}
	EndGlobalSection
EndGlobal
