
Microsoft Visual Studio Solution File, Format Version 12.00
# Visual Studio Version 16
VisualStudioVersion = 16.0.30907.101
MinimumVisualStudioVersion = 10.0.40219.1
Project("{FAE04EC0-301F-11D3-BF4B-00C04F79EFBC}") = "AdoNetConsoleApplication", "AdoNetConsoleApplication\AdoNetConsoleApplication.csproj", "{AF18CAE0-1D9C-4DB1-B64B-EEFBC4464C38}"
EndProject
Global
	GlobalSection(SolutionConfigurationPlatforms) = preSolution
		Debug|Any CPU = Debug|Any CPU
		Release|Any CPU = Release|Any CPU
	EndGlobalSection
	GlobalSection(ProjectConfigurationPlatforms) = postSolution
		{AF18CAE0-1D9C-4DB1-B64B-EEFBC4464C38}.Debug|Any CPU.ActiveCfg = Debug|Any CPU
		{AF18CAE0-1D9C-4DB1-B64B-EEFBC4464C38}.Debug|Any CPU.Build.0 = Debug|Any CPU
		{AF18CAE0-1D9C-4DB1-B64B-EEFBC4464C38}.Release|Any CPU.ActiveCfg = Release|Any CPU
		{AF18CAE0-1D9C-4DB1-B64B-EEFBC4464C38}.Release|Any CPU.Build.0 = Release|Any CPU
	EndGlobalSection
	GlobalSection(SolutionProperties) = preSolution
		HideSolutionNode = FALSE
	EndGlobalSection
	GlobalSection(ExtensibilityGlobals) = postSolution
		SolutionGuid = {7F9B385B-C8FC-4D3C-B01F-B47C88D82159}
	EndGlobalSection
EndGlobal
